{
  "version": 4,
  "terraform_version": "1.13.3",
  "serial": 16,
  "lineage": "34fb5f34-0bb3-2929-ab3d-f0f5c8401cfb",
  "outputs": {},
  "resources": [
    {
      "mode": "managed",
      "type": "local_file",
      "name": "example",
      "provider": "provider[\"registry.terraform.io/hashicorp/local\"]",
      "instances": [
        {
          "schema_version": 0,
          "attributes": {
            "content": "Hello from PwSkills { v1 }",
            "content_base64": null,
            "content_base64sha256": "kUnggfbTBHqHyFn8bao02gHHzD4nSxt7u8azksdt/9Q=",
            "content_base64sha512": "Jsp57/hUKqqaAd3VRf4YxobFQVIFr3v9FB3cd83qj1t2iYQ21jKxCMV9Sfr9Aiz3/QtIeX3B4oQ9/APo/8MABQ==",
            "content_md5": "9c9e74b83b57ba9d68f2e75eef9ca78c",
            "content_sha1": "f0633926e8314acb494b178013d57c1ed381d67d",
            "content_sha256": "9149e081f6d3047a87c859fc6daa34da01c7cc3e274b1b7bbbc6b392c76dffd4",
            "content_sha512": "26ca79eff8542aaa9a01ddd545fe18c686c5415205af7bfd141ddc77cdea8f5b76898436d632b108c57d49fafd022cf7fd0b48797dc1e2843dfc03e8ffc30005",
            "directory_permission": "0777",
            "file_permission": "0777",
            "filename": "./hello.txt",
            "id": "f0633926e8314acb494b178013d57c1ed381d67d",
            "sensitive_content": null,
            "source": null
          },
          "sensitive_attributes": [
            [
              {
                "type": "get_attr",
                "value": "sensitive_content"
              }
            ]
          ],
          "identity_schema_version": 0
        }
      ]
    }
  ],
  "check_results": null
}
